
Microsoft Visual Studio Solution File, Format Version 12.00
# Visual Studio Version 17
VisualStudioVersion = 17.6.33815.320
MinimumVisualStudioVersion = 10.0.40219.1
Project("{FAE04EC0-301F-11D3-BF4B-00C04F79EFBC}") = "WorkWithFile.Windows", "WorkWithFile.Windows\WorkWithFile.Windows.csproj", "{AACA30FA-05EC-45F6-A383-81EF79222779}"
EndProject
Global
	GlobalSection(SolutionConfigurationPlatforms) = preSolution
		Debug|Any CPU = Debug|Any CPU
		Release|Any CPU = Release|Any CPU
	EndGlobalSection
	GlobalSection(ProjectConfigurationPlatforms) = postSolution
		{AACA30FA-05EC-45F6-A383-81EF79222779}.Debug|Any CPU.ActiveCfg = Debug|Any CPU
		{AACA30FA-05EC-45F6-A383-81EF79222779}.Debug|Any CPU.Build.0 = Debug|Any CPU
		{AACA30FA-05EC-45F6-A383-81EF79222779}.Release|Any CPU.ActiveCfg = Release|Any CPU
		{AACA30FA-05EC-45F6-A383-81EF79222779}.Release|Any CPU.Build.0 = Release|Any CPU
	EndGlobalSection
	GlobalSection(SolutionProperties) = preSolution
		HideSolutionNode = FALSE
	EndGlobalSection
	GlobalSection(ExtensibilityGlobals) = postSolution
		SolutionGuid = {77C81A65-7BC6-4293-87E3-6D74C64CABDB}
	EndGlobalSection
EndGlobal
